
Microsoft Visual Studio Solution File, Format Version 12.00
# Visual Studio Version 16
VisualStudioVersion = 16.0.29102.190
MinimumVisualStudioVersion = 10.0.40219.1
Project("{FAE04EC0-301F-11D3-BF4B-00C04F79EFBC}") = "Lab 8-9", "Lab 8-9\Lab 8-9.csproj", "{985119DC-420B-42ED-9FAE-0FACC0BD1B84}"
EndProject
Global
	GlobalSection(SolutionConfigurationPlatforms) = preSolution
		Debug|Any CPU = Debug|Any CPU
		Release|Any CPU = Release|Any CPU
	EndGlobalSection
	GlobalSection(ProjectConfigurationPlatforms) = postSolution
		{985119DC-420B-42ED-9FAE-0FACC0BD1B84}.Debug|Any CPU.ActiveCfg = Debug|Any CPU
		{985119DC-420B-42ED-9FAE-0FACC0BD1B84}.Debug|Any CPU.Build.0 = Debug|Any CPU
		{985119DC-420B-42ED-9FAE-0FACC0BD1B84}.Release|Any CPU.ActiveCfg = Release|Any CPU
		{985119DC-420B-42ED-9FAE-0FACC0BD1B84}.Release|Any CPU.Build.0 = Release|Any CPU
	EndGlobalSection
	GlobalSection(SolutionProperties) = preSolution
		HideSolutionNode = FALSE
	EndGlobalSection
	GlobalSection(ExtensibilityGlobals) = postSolution
		SolutionGuid = {E1DE5662-C480-4FD2-AA8A-88BB7339F9A4}
	EndGlobalSection
EndGlobal
